// !$*UTF8*$!
{
	archiveVersion = 1;
	classes = {
	};
	objectVersion = 46;
	objects = {

/* Begin PBXBuildFile section */
		2615274B1CE8827F002F3E1D /* CalculatorBrain.swift in Sources */ = {isa = PBXBuildFile; fileRef = 2615274A1CE8827F002F3E1D /* CalculatorBrain.swift */; };
		26D474D61CDE0BF200B67833 /* AppDelegate.swift in Sources */ = {isa = PBXBuildFile; fileRef = 26D474D51CDE0BF200B67833 /* AppDelegate.swift */; };
		26D474D81CDE0BF200B67833 /* ViewController.swift in Sources */ = {isa = PBXBuildFile; fileRef = 26D474D71CDE0BF200B67833 /* ViewController.swift */; };
		26D474DB1CDE0BF300B67833 /* Main.storyboard in Resources */ = {isa = PBXBuildFile; fileRef = 26D474D91CDE0BF300B67833 /* Main.storyboard */; };
		26D474DD1CDE0BF300B67833 /* Assets.xcassets in Resources */ = {isa = PBXBuildFile; fileRef = 26D474DC1CDE0BF300B67833 /* Assets.xcassets */; };
		26D474E01CDE0BF300B67833 /* LaunchScreen.storyboard in Resources */ = {isa = PBXBuildFile; fileRef = 26D474DE1CDE0BF300B67833 /* LaunchScreen.storyboard */; };
/* End PBXBuildFile section */

/* Begin PBXFileReference section */
		2615274A1CE8827F002F3E1D /* CalculatorBrain.swift */ = {isa = PBXFileReference; fileEncoding = 4; lastKnownFileType = sourcecode.swift; path = CalculatorBrain.swift; sourceTree = "<group>"; };
		26D474D21CDE0BF200B67833 /* CalculatorSwift.app */ = {isa = PBXFileReference; explicitFileType = wrapper.application; includeInIndex = 0; path = CalculatorSwift.app; sourceTree = BUILT_PRODUCTS_DIR; };
		26D474D51CDE0BF200B67833 /* AppDelegate.swift */ = {isa = PBXFileReference; lastKnownFileType = sourcecode.swift; path = AppDelegate.swift; sourceTree = "<group>"; };
		26D474D71CDE0BF200B67833 /* ViewController.swift */ = {isa = PBXFileReference; lastKnownFileType = sourcecode.swift; path = ViewController.swift; sourceTree = "<group>"; };
		26D474DA1CDE0BF300B67833 /* Base */ = {isa = PBXFileReference; lastKnownFileType = file.storyboard; name = Base; path = Base.lproj/Main.storyboard; sourceTree = "<group>"; };
		26D474DC1CDE0BF300B67833 /* Assets.xcassets */ = {isa = PBXFileReference; lastKnownFileType = folder.assetcatalog; path = Assets.xcassets; sourceTree = "<group>"; };
		26D474DF1CDE0BF300B67833 /* Base */ = {isa = PBXFileReference; lastKnownFileType = file.storyboard; name = Base; path = Base.lproj/LaunchScreen.storyboard; sourceTree = "<group>"; };
		26D474E11CDE0BF300B67833 /* Info.plist */ = {isa = PBXFileReference; lastKnownFileType = text.plist.xml; path = Info.plist; sourceTree = "<group>"; };
/* End PBXFileReference section */

/* Begin PBXFrameworksBuildPhase section */
		26D474CF1CDE0BF200B67833 /* Frameworks */ = {
			isa = PBXFrameworksBuildPhase;
			buildActionMask = 2147483647;
			files = (
			);
			runOnlyForDeploymentPostprocessing = 0;
		};
/* End PBXFrameworksBuildPhase section */

/* Begin PBXGroup section */
		26D474C91CDE0BF200B67833 = {
			isa = PBXGroup;
			children = (
				26D474D41CDE0BF200B67833 /* CalculatorSwift */,
				26D474D31CDE0BF200B67833 /* Products */,
			);
			sourceTree = "<group>";
		};
		26D474D31CDE0BF200B67833 /* Products */ = {
			isa = PBXGroup;
			children = (
				26D474D21CDE0BF200B67833 /* CalculatorSwift.app */,
			);
			name = Products;
			sourceTree = "<group>";
		};
		26D474D41CDE0BF200B67833 /* CalculatorSwift */ = {
			isa = PBXGroup;
			children = (
				26D474D51CDE0BF200B67833 /* AppDelegate.swift */,
				26D474D71CDE0BF200B67833 /* ViewController.swift */,
				26D474D91CDE0BF300B67833 /* Main.storyboard */,
				26D474DC1CDE0BF300B67833 /* Assets.xcassets */,
				26D474DE1CDE0BF300B67833 /* LaunchScreen.storyboard */,
				26D474E11CDE0BF300B67833 /* Info.plist */,
				2615274A1CE8827F002F3E1D /* CalculatorBrain.swift */,
			);
			path = CalculatorSwift;
			sourceTree = "<group>";
		};
/* End PBXGroup section */

/* Begin PBXNativeTarget section */
		26D474D11CDE0BF200B67833 /* CalculatorSwift */ = {
			isa = PBXNativeTarget;
			buildConfigurationList = 26D474E41CDE0BF300B67833 /* Build configuration list for PBXNativeTarget "CalculatorSwift" */;
			buildPhases = (
				26D474CE1CDE0BF200B67833 /* Sources */,
				26D474CF1CDE0BF200B67833 /* Frameworks */,
				26D474D01CDE0BF200B67833 /* Resources */,
			);
			buildRules = (
			);
			dependencies = (
			);
			name = CalculatorSwift;
			productName = CalculatorSwift;
			productReference = 26D474D21CDE0BF200B67833 /* CalculatorSwift.app */;
			productType = "com.apple.product-type.application";
		};
/* End PBXNativeTarget section */

/* Begin PBXProject section */
		26D474CA1CDE0BF200B67833 /* Project object */ = {
			isa = PBXProject;
			attributes = {
				LastSwiftUpdateCheck = 0730;
				LastUpgradeCheck = 0730;
				ORGANIZATIONNAME = SixtySticks;
				TargetAttributes = {
					26D474D11CDE0BF200B67833 = {
						CreatedOnToolsVersion = 7.3;
					};
				};
			};
			buildConfigurationList = 26D474CD1CDE0BF200B67833 /* Build configuration list for PBXProject "CalculatorSwift" */;
			compatibilityVersion = "Xcode 3.2";
			developmentRegion = English;
			hasScannedForEncodings = 0;
			knownRegions = (
				en,
				Base,
			);
			mainGroup = 26D474C91CDE0BF200B67833;
			productRefGroup = 26D474D31CDE0BF200B67833 /* Products */;
			projectDirPath = "";
			projectRoot = "";
			targets = (
				26D474D11CDE0BF200B67833 /* CalculatorSwift */,
			);
		};
/* End PBXProject section */

/* Begin PBXResourcesBuildPhase section */
		26D474D01CDE0BF200B67833 /* Resources */ = {
			isa = PBXResourcesBuildPhase;
			buildActionMask = 2147483647;
			files = (
				26D474E01CDE0BF300B67833 /* LaunchScreen.storyboard in Resources */,
				26D474DD1CDE0BF300B67833 /* Assets.xcassets in Resources */,
				26D474DB1CDE0BF300B67833 /* Main.storyboard in Resources */,
			);
			runOnlyForDeploymentPostprocessing = 0;
		};
/* End PBXResourcesBuildPhase section */

/* Begin PBXSourcesBuildPhase section */
		26D474CE1CDE0BF200B67833 /* Sources */ = {
			isa = PBXSourcesBuildPhase;
			buildActionMask = 2147483647;
			files = (
				2615274B1CE8827F002F3E1D /* CalculatorBrain.swift in Sources */,
				26D474D81CDE0BF200B67833 /* ViewController.swift in Sources */,
				26D474D61CDE0BF200B67833 /* AppDelegate.swift in Sources */,
			);
			runOnlyForDeploymentPostprocessing = 0;
		};
/* End PBXSourcesBuildPhase section */

/* Begin PBXVariantGroup section */
		26D474D91CDE0BF300B67833 /* Main.storyboard */ = {
			isa = PBXVariantGroup;
			children = (
				26D474DA1CDE0BF300B67833 /* Base */,
			);
			name = Main.storyboard;
			sourceTree = "<group>";
		};
		26D474DE1CDE0BF300B67833 /* LaunchScreen.storyboard */ = {
			isa = PBXVariantGroup;
			children = (
				26D474DF1CDE0BF300B67833 /* Base */,
			);
			name = LaunchScreen.storyboard;
			sourceTree = "<group>";
		};
/* End PBXVariantGroup section */

/* Begin XCBuildConfiguration section */
		26D474E21CDE0BF300B67833 /* Debug */ = {
			isa = XCBuildConfiguration;
			buildSettings = {
				ALWAYS_SEARCH_USER_PATHS = NO;
				CLANG_ANALYZER_NONNULL = YES;
				CLANG_CXX_LANGUAGE_STANDARD = "gnu++0x";
				CLANG_CXX_LIBRARY = "libc++";
				CLANG_ENABLE_MODULES = YES;
				CLANG_ENABLE_OBJC_ARC = YES;
				CLANG_WARN_BOOL_CONVERSION = YES;
				CLANG_WARN_CONSTANT_CONVERSION = YES;
				CLANG_WARN_DIRECT_OBJC_ISA_USAGE = YES_ERROR;
				CLANG_WARN_EMPTY_BODY = YES;
				CLANG_WARN_ENUM_CONVERSION = YES;
				CLANG_WARN_INT_CONVERSION = YES;
				CLANG_WARN_OBJC_ROOT_CLASS = YES_ERROR;
				CLANG_WARN_UNREACHABLE_CODE = YES;
				CLANG_WARN__DUPLICATE_METHOD_MATCH = YES;
				"CODE_SIGN_IDENTITY[sdk=iphoneos*]" = "iPhone Developer";
				COPY_PHASE_STRIP = NO;
				DEBUG_INFORMATION_FORMAT = dwarf;
				ENABLE_STRICT_OBJC_MSGSEND = YES;
				ENABLE_TESTABILITY = YES;
				GCC_C_LANGUAGE_STANDARD = gnu99;
				GCC_DYNAMIC_NO_PIC = NO;
				GCC_NO_COMMON_BLOCKS = YES;
				GCC_OPTIMIZATION_LEVEL = 0;
				GCC_PREPROCESSOR_DEFINITIONS = (
					"DEBUG=1",
					"$(inherited)",
				);
				GCC_WARN_64_TO_32_BIT_CONVERSION = YES;
				GCC_WARN_ABOUT_RETURN_TYPE = YES_ERROR;
				GCC_WARN_UNDECLARED_SELECTOR = YES;
				GCC_WARN_UNINITIALIZED_AUTOS = YES_AGGRESSIVE;
				GCC_WARN_UNUSED_FUNCTION = YES;
				GCC_WARN_UNUSED_VARIABLE = YES;
				IPHONEOS_DEPLOYMENT_TARGET = 9.3;
				MTL_ENABLE_DEBUG_INFO = YES;
				ONLY_ACTIVE_ARCH = YES;
				SDKROOT = iphoneos;
				SWIFT_OPTIMIZATION_LEVEL = "-Onone";
				TARGETED_DEVICE_FAMILY = "1,2";
			};
			name = Debug;
		};
		26D474E31CDE0BF300B67833 /* Release */ = {
			isa = XCBuildConfiguration;
			buildSettings = {
				ALWAYS_SEARCH_USER_PATHS = NO;
				CLANG_ANALYZER_NONNULL = YES;
				CLANG_CXX_LANGUAGE_STANDARD = "gnu++0x";
				CLANG_CXX_LIBRARY = "libc++";
				CLANG_ENABLE_MODULES = YES;
				CLANG_ENABLE_OBJC_ARC = YES;
				CLANG_WARN_BOOL_CONVERSION = YES;
				CLANG_WARN_CONSTANT_CONVERSION = YES;
				CLANG_WARN_DIRECT_OBJC_ISA_USAGE = YES_ERROR;
				CLANG_WARN_EMPTY_BODY = YES;
				CLANG_WARN_ENUM_CONVERSION = YES;
				CLANG_WARN_INT_CONVERSION = YES;
				CLANG_WARN_OBJC_ROOT_CLASS = YES_ERROR;
				CLANG_WARN_UNREACHABLE_CODE = YES;
				CLANG_WARN__DUPLICATE_METHOD_MATCH = YES;
				"CODE_SIGN_IDENTITY[sdk=iphoneos*]" = "iPhone Developer";
				COPY_PHASE_STRIP = NO;
				DEBUG_INFORMATION_FORMAT = "dwarf-with-dsym";
				ENABLE_NS_ASSERTIONS = NO;
				ENABLE_STRICT_OBJC_MSGSEND = YES;
				GCC_C_LANGUAGE_STANDARD = gnu99;
				GCC_NO_COMMON_BLOCKS = YES;
				GCC_WARN_64_TO_32_BIT_CONVERSION = YES;
				GCC_WARN_ABOUT_RETURN_TYPE = YES_ERROR;
				GCC_WARN_UNDECLARED_SELECTOR = YES;
				GCC_WARN_UNINITIALIZED_AUTOS = YES_AGGRESSIVE;
				GCC_WARN_UNUSED_FUNCTION = YES;
				GCC_WARN_UNUSED_VARIABLE = YES;
				IPHONEOS_DEPLOYMENT_TARGET = 9.3;
				MTL_ENABLE_DEBUG_INFO = NO;
				SDKROOT = iphoneos;
				TARGETED_DEVICE_FAMILY = "1,2";
				VALIDATE_PRODUCT = YES;
			};
			name = Release;
		};
		26D474E51CDE0BF300B67833 /* Debug */ = {
			isa = XCBuildConfiguration;
			buildSettings = {
				ASSETCATALOG_COMPILER_APPICON_NAME = AppIcon;
				INFOPLIST_FILE = CalculatorSwift/Info.plist;
				LD_RUNPATH_SEARCH_PATHS = "$(inherited) @executable_path/Frameworks";
				PRODUCT_BUNDLE_IDENTIFIER = com.sixtysticks.CalculatorSwift;
				PRODUCT_NAME = "$(TARGET_NAME)";
			};
			name = Debug;
		};
		26D474E61CDE0BF300B67833 /* Release */ = {
			isa = XCBuildConfiguration;
			buildSettings = {
				ASSETCATALOG_COMPILER_APPICON_NAME = AppIcon;
				INFOPLIST_FILE = CalculatorSwift/Info.plist;
				LD_RUNPATH_SEARCH_PATHS = "$(inherited) @executable_path/Frameworks";
				PRODUCT_BUNDLE_IDENTIFIER = com.sixtysticks.CalculatorSwift;
				PRODUCT_NAME = "$(TARGET_NAME)";
			};
			name = Release;
		};
/* End XCBuildConfiguration section */

/* Begin XCConfigurationList section */
		26D474CD1CDE0BF200B67833 /* Build configuration list for PBXProject "CalculatorSwift" */ = {
			isa = XCConfigurationList;
			buildConfigurations = (
				26D474E21CDE0BF300B67833 /* Debug */,
				26D474E31CDE0BF300B67833 /* Release */,
			);
			defaultConfigurationIsVisible = 0;
			defaultConfigurationName = Release;
		};
		26D474E41CDE0BF300B67833 /* Build configuration list for PBXNativeTarget "CalculatorSwift" */ = {
			isa = XCConfigurationList;
			buildConfigurations = (
				26D474E51CDE0BF300B67833 /* Debug */,
				26D474E61CDE0BF300B67833 /* Release */,
			);
			defaultConfigurationIsVisible = 0;
			defaultConfigurationName = Release;
		};
/* End XCConfigurationList section */
	};
	rootObject = 26D474CA1CDE0BF200B67833 /* Project object */;
}
